
Microsoft Visual Studio Solution File, Format Version 12.00
# Visual Studio 15
Project("{FAE04EC0-301F-11D3-BF4B-00C04F79EFBC}") = "UnityEngine.TestRunner", "UnityEngine.TestRunner.csproj", "{58D3BA86-88BA-7B5F-3FBE-7ED60EADC381}"
EndProject
Project("{FAE04EC0-301F-11D3-BF4B-00C04F79EFBC}") = "UnityEngine.UI", "UnityEngine.UI.csproj", "{6A2E8B09-3221-1994-954C-14209D2C8335}"
EndProject
Project("{FAE04EC0-301F-11D3-BF4B-00C04F79EFBC}") = "Unity.VisualScripting.Flow", "Unity.VisualScripting.Flow.csproj", "{8BA22705-A783-1FA2-63E2-9D88D60874F3}"
EndProject
Project("{FAE04EC0-301F-11D3-BF4B-00C04F79EFBC}") = "Unity.VisualScripting.State", "Unity.VisualScripting.State.csproj", "{175FCCF4-F5F2-4699-F036-5A495AB726CF}"
EndProject
Project("{FAE04EC0-301F-11D3-BF4B-00C04F79EFBC}") = "Unity.VisualScripting.Core", "Unity.VisualScripting.Core.csproj", "{588E7109-CF6C-C55A-9999-B85B27EF0C34}"
EndProject
Project("{FAE04EC0-301F-11D3-BF4B-00C04F79EFBC}") = "Unity.TextMeshPro", "Unity.TextMeshPro.csproj", "{C6396C46-E7C8-194E-4329-82462E64E6E8}"
EndProject
Project("{FAE04EC0-301F-11D3-BF4B-00C04F79EFBC}") = "Unity.Timeline", "Unity.Timeline.csproj", "{C67CC619-B984-C695-B9FA-DFE5FDB1A140}"
EndProject
Project("{FAE04EC0-301F-11D3-BF4B-00C04F79EFBC}") = "Assembly-CSharp", "Assembly-CSharp.csproj", "{69C9CF13-724A-0D8F-8AB6-CC5BA6432B40}"
EndProject
Project("{FAE04EC0-301F-11D3-BF4B-00C04F79EFBC}") = "Unity.PlasticSCM.Editor", "Unity.PlasticSCM.Editor.csproj", "{61832A4C-C73D-3E81-1184-B321F91E8B32}"
EndProject
Project("{FAE04EC0-301F-11D3-BF4B-00C04F79EFBC}") = "Unity.VisualScripting.Core.Editor", "Unity.VisualScripting.Core.Editor.csproj", "{005FF433-87F8-E397-518C-B96B8C62D816}"
EndProject
Project("{FAE04EC0-301F-11D3-BF4B-00C04F79EFBC}") = "Unity.VisualScripting.Flow.Editor", "Unity.VisualScripting.Flow.Editor.csproj", "{A1185CF4-736F-F185-5DCD-CCD70E2B2894}"
EndProject
Project("{FAE04EC0-301F-11D3-BF4B-00C04F79EFBC}") = "Unity.VisualStudio.Editor", "Unity.VisualStudio.Editor.csproj", "{9EC56CB6-3C3D-A318-84DD-965C458805BC}"
EndProject
Project("{FAE04EC0-301F-11D3-BF4B-00C04F79EFBC}") = "Unity.Timeline.Editor", "Unity.Timeline.Editor.csproj", "{E160E8D2-2E56-20C0-87F6-0A46038EEDF4}"
EndProject
Project("{FAE04EC0-301F-11D3-BF4B-00C04F79EFBC}") = "Unity.VisualScripting.State.Editor", "Unity.VisualScripting.State.Editor.csproj", "{5D558052-9A7E-4E5F-E8DC-C396620292B9}"
EndProject
Project("{FAE04EC0-301F-11D3-BF4B-00C04F79EFBC}") = "Unity.TextMeshPro.Editor", "Unity.TextMeshPro.Editor.csproj", "{B5F4341C-1BA7-54D4-E81A-643D5E14D6EB}"
EndProject
Project("{FAE04EC0-301F-11D3-BF4B-00C04F79EFBC}") = "Unity.VisualScripting.SettingsProvider.Editor", "Unity.VisualScripting.SettingsProvider.Editor.csproj", "{A42789F7-CFE7-3EAA-AFCC-720F1B7BAD58}"
EndProject
Project("{FAE04EC0-301F-11D3-BF4B-00C04F79EFBC}") = "UnityEditor.TestRunner", "UnityEditor.TestRunner.csproj", "{DCBE0B5E-5EAD-C2F3-0CB2-1D63F16EC9C7}"
EndProject
Project("{FAE04EC0-301F-11D3-BF4B-00C04F79EFBC}") = "Unity.TestTools.CodeCoverage.Editor", "Unity.TestTools.CodeCoverage.Editor.csproj", "{CE83ED0D-4098-FE32-56BE-C731B301B6F8}"
EndProject
Project("{FAE04EC0-301F-11D3-BF4B-00C04F79EFBC}") = "Unity.Rider.Editor", "Unity.Rider.Editor.csproj", "{D93F88D4-0C29-536E-7EF0-5BAF91D2CA85}"
EndProject
Project("{FAE04EC0-301F-11D3-BF4B-00C04F79EFBC}") = "Unity.Performance.Profile-Analyzer.Editor", "Unity.Performance.Profile-Analyzer.Editor.csproj", "{492A9492-C594-765C-ABD3-34D64F1D0768}"
EndProject
Project("{FAE04EC0-301F-11D3-BF4B-00C04F79EFBC}") = "Unity.VSCode.Editor", "Unity.VSCode.Editor.csproj", "{FEE5FCB2-347B-813E-AF7F-2AAD0213064F}"
EndProject
Project("{FAE04EC0-301F-11D3-BF4B-00C04F79EFBC}") = "UnityEditor.UI", "UnityEditor.UI.csproj", "{182E83BF-6C16-145E-45BF-FD1A5314D102}"
EndProject
Project("{FAE04EC0-301F-11D3-BF4B-00C04F79EFBC}") = "Unity.TestTools.CodeCoverage.Editor.OpenCover.Model", "Unity.TestTools.CodeCoverage.Editor.OpenCover.Model.csproj", "{3DD3D2AD-5956-6DA7-82AB-3E57C8E85F7B}"
EndProject
Project("{FAE04EC0-301F-11D3-BF4B-00C04F79EFBC}") = "Unity.EditorCoroutines.Editor", "Unity.EditorCoroutines.Editor.csproj", "{6373743F-31C9-1B59-E9DD-E1C8113AB731}"
EndProject
Project("{FAE04EC0-301F-11D3-BF4B-00C04F79EFBC}") = "Unity.Settings.Editor", "Unity.Settings.Editor.csproj", "{41897C45-2A5E-8885-1719-9BEC66873DF5}"
EndProject
Project("{FAE04EC0-301F-11D3-BF4B-00C04F79EFBC}") = "Unity.CollabProxy.Editor", "Unity.CollabProxy.Editor.csproj", "{31D12E91-BD0A-354B-C509-9B314A7CA6A8}"
EndProject
Project("{FAE04EC0-301F-11D3-BF4B-00C04F79EFBC}") = "Unity.TestTools.CodeCoverage.Editor.OpenCover.Mono.Reflection", "Unity.TestTools.CodeCoverage.Editor.OpenCover.Mono.Reflection.csproj", "{AFAB11E0-4B4D-88AA-6D5E-AC7365032368}"
EndProject
Project("{FAE04EC0-301F-11D3-BF4B-00C04F79EFBC}") = "Unity.VisualScripting.Shared.Editor", "Unity.VisualScripting.Shared.Editor.csproj", "{B434CF43-9896-F47D-09F8-8E507B447046}"
EndProject
Project("{FAE04EC0-301F-11D3-BF4B-00C04F79EFBC}") = "Unity.SysrootPackage.Editor", "Unity.SysrootPackage.Editor.csproj", "{D315DB17-E7B7-BA84-BC0D-34CC6485C2BF}"
EndProject
Project("{FAE04EC0-301F-11D3-BF4B-00C04F79EFBC}") = "Unity.Toolchain.Macos-arm64-Linux-x86_64", "Unity.Toolchain.Macos-arm64-Linux-x86_64.csproj", "{CE723511-1094-7EB4-CFF1-A5DC6EE78262}"
EndProject
Project("{FAE04EC0-301F-11D3-BF4B-00C04F79EFBC}") = "Unity.Sysroot.Linux_x86_64", "Unity.Sysroot.Linux_x86_64.csproj", "{724870DE-BFEE-8E2B-B4B7-ABF8F07B2CCB}"
EndProject
Project("{FAE04EC0-301F-11D3-BF4B-00C04F79EFBC}") = "UnityEngine.TestRunner", "UnityEngine.TestRunner.Player.csproj", "{EC29F888-D37D-3814-0B21-0AD524CF3CAB}"
EndProject
Project("{FAE04EC0-301F-11D3-BF4B-00C04F79EFBC}") = "UnityEngine.UI", "UnityEngine.UI.Player.csproj", "{75434DEB-0580-5039-8119-3AEEDCBCF82E}"
EndProject
Project("{FAE04EC0-301F-11D3-BF4B-00C04F79EFBC}") = "Unity.VisualScripting.Flow", "Unity.VisualScripting.Flow.Player.csproj", "{B3482DF1-DBE1-E764-3459-D0638ADC2E32}"
EndProject
Project("{FAE04EC0-301F-11D3-BF4B-00C04F79EFBC}") = "Unity.VisualScripting.State", "Unity.VisualScripting.State.Player.csproj", "{C02ACA06-BE94-DE96-A6CA-BEB0FB2AFBA1}"
EndProject
Project("{FAE04EC0-301F-11D3-BF4B-00C04F79EFBC}") = "Unity.VisualScripting.Core", "Unity.VisualScripting.Core.Player.csproj", "{1F69818A-6D18-E0C3-BD8B-E647C1F611BC}"
EndProject
Project("{FAE04EC0-301F-11D3-BF4B-00C04F79EFBC}") = "Unity.TextMeshPro", "Unity.TextMeshPro.Player.csproj", "{4A687B98-27CA-9582-72BC-F4B00725A3B8}"
EndProject
Project("{FAE04EC0-301F-11D3-BF4B-00C04F79EFBC}") = "Unity.Timeline", "Unity.Timeline.Player.csproj", "{8F978050-A4D3-879B-4E34-0D99BA337AB1}"
EndProject
Project("{FAE04EC0-301F-11D3-BF4B-00C04F79EFBC}") = "Assembly-CSharp", "Assembly-CSharp.Player.csproj", "{86C0BA25-3DCC-A2ED-0A60-62F772FF760B}"
EndProject
Global
	GlobalSection(SolutionConfigurationPlatforms) = preSolution
		Debug|Any CPU = Debug|Any CPU
		Release|Any CPU = Release|Any CPU
	EndGlobalSection
	GlobalSection(ProjectConfigurationPlatforms) = postSolution
		{58D3BA86-88BA-7B5F-3FBE-7ED60EADC381}.Debug|Any CPU.ActiveCfg = Debug|Any CPU
		{58D3BA86-88BA-7B5F-3FBE-7ED60EADC381}.Debug|Any CPU.Build.0 = Debug|Any CPU
		{58D3BA86-88BA-7B5F-3FBE-7ED60EADC381}.Release|Any CPU.ActiveCfg = Release|Any CPU
		{58D3BA86-88BA-7B5F-3FBE-7ED60EADC381}.Release|Any CPU.Build.0 = Release|Any CPU
		{6A2E8B09-3221-1994-954C-14209D2C8335}.Debug|Any CPU.ActiveCfg = Debug|Any CPU
		{6A2E8B09-3221-1994-954C-14209D2C8335}.Debug|Any CPU.Build.0 = Debug|Any CPU
		{6A2E8B09-3221-1994-954C-14209D2C8335}.Release|Any CPU.ActiveCfg = Release|Any CPU
		{6A2E8B09-3221-1994-954C-14209D2C8335}.Release|Any CPU.Build.0 = Release|Any CPU
		{8BA22705-A783-1FA2-63E2-9D88D60874F3}.Debug|Any CPU.ActiveCfg = Debug|Any CPU
		{8BA22705-A783-1FA2-63E2-9D88D60874F3}.Debug|Any CPU.Build.0 = Debug|Any CPU
		{8BA22705-A783-1FA2-63E2-9D88D60874F3}.Release|Any CPU.ActiveCfg = Release|Any CPU
		{8BA22705-A783-1FA2-63E2-9D88D60874F3}.Release|Any CPU.Build.0 = Release|Any CPU
		{175FCCF4-F5F2-4699-F036-5A495AB726CF}.Debug|Any CPU.ActiveCfg = Debug|Any CPU
		{175FCCF4-F5F2-4699-F036-5A495AB726CF}.Debug|Any CPU.Build.0 = Debug|Any CPU
		{175FCCF4-F5F2-4699-F036-5A495AB726CF}.Release|Any CPU.ActiveCfg = Release|Any CPU
		{175FCCF4-F5F2-4699-F036-5A495AB726CF}.Release|Any CPU.Build.0 = Release|Any CPU
		{588E7109-CF6C-C55A-9999-B85B27EF0C34}.Debug|Any CPU.ActiveCfg = Debug|Any CPU
		{588E7109-CF6C-C55A-9999-B85B27EF0C34}.Debug|Any CPU.Build.0 = Debug|Any CPU
		{588E7109-CF6C-C55A-9999-B85B27EF0C34}.Release|Any CPU.ActiveCfg = Release|Any CPU
		{588E7109-CF6C-C55A-9999-B85B27EF0C34}.Release|Any CPU.Build.0 = Release|Any CPU
		{C6396C46-E7C8-194E-4329-82462E64E6E8}.Debug|Any CPU.ActiveCfg = Debug|Any CPU
		{C6396C46-E7C8-194E-4329-82462E64E6E8}.Debug|Any CPU.Build.0 = Debug|Any CPU
		{C6396C46-E7C8-194E-4329-82462E64E6E8}.Release|Any CPU.ActiveCfg = Release|Any CPU
		{C6396C46-E7C8-194E-4329-82462E64E6E8}.Release|Any CPU.Build.0 = Release|Any CPU
		{C67CC619-B984-C695-B9FA-DFE5FDB1A140}.Debug|Any CPU.ActiveCfg = Debug|Any CPU
		{C67CC619-B984-C695-B9FA-DFE5FDB1A140}.Debug|Any CPU.Build.0 = Debug|Any CPU
		{C67CC619-B984-C695-B9FA-DFE5FDB1A140}.Release|Any CPU.ActiveCfg = Release|Any CPU
		{C67CC619-B984-C695-B9FA-DFE5FDB1A140}.Release|Any CPU.Build.0 = Release|Any CPU
		{69C9CF13-724A-0D8F-8AB6-CC5BA6432B40}.Debug|Any CPU.ActiveCfg = Debug|Any CPU
		{69C9CF13-724A-0D8F-8AB6-CC5BA6432B40}.Debug|Any CPU.Build.0 = Debug|Any CPU
		{69C9CF13-724A-0D8F-8AB6-CC5BA6432B40}.Release|Any CPU.ActiveCfg = Release|Any CPU
		{69C9CF13-724A-0D8F-8AB6-CC5BA6432B40}.Release|Any CPU.Build.0 = Release|Any CPU
		{61832A4C-C73D-3E81-1184-B321F91E8B32}.Debug|Any CPU.ActiveCfg = Debug|Any CPU
		{61832A4C-C73D-3E81-1184-B321F91E8B32}.Debug|Any CPU.Build.0 = Debug|Any CPU
		{61832A4C-C73D-3E81-1184-B321F91E8B32}.Release|Any CPU.ActiveCfg = Release|Any CPU
		{61832A4C-C73D-3E81-1184-B321F91E8B32}.Release|Any CPU.Build.0 = Release|Any CPU
		{005FF433-87F8-E397-518C-B96B8C62D816}.Debug|Any CPU.ActiveCfg = Debug|Any CPU
		{005FF433-87F8-E397-518C-B96B8C62D816}.Debug|Any CPU.Build.0 = Debug|Any CPU
		{005FF433-87F8-E397-518C-B96B8C62D816}.Release|Any CPU.ActiveCfg = Release|Any CPU
		{005FF433-87F8-E397-518C-B96B8C62D816}.Release|Any CPU.Build.0 = Release|Any CPU
		{A1185CF4-736F-F185-5DCD-CCD70E2B2894}.Debug|Any CPU.ActiveCfg = Debug|Any CPU
		{A1185CF4-736F-F185-5DCD-CCD70E2B2894}.Debug|Any CPU.Build.0 = Debug|Any CPU
		{A1185CF4-736F-F185-5DCD-CCD70E2B2894}.Release|Any CPU.ActiveCfg = Release|Any CPU
		{A1185CF4-736F-F185-5DCD-CCD70E2B2894}.Release|Any CPU.Build.0 = Release|Any CPU
		{9EC56CB6-3C3D-A318-84DD-965C458805BC}.Debug|Any CPU.ActiveCfg = Debug|Any CPU
		{9EC56CB6-3C3D-A318-84DD-965C458805BC}.Debug|Any CPU.Build.0 = Debug|Any CPU
		{9EC56CB6-3C3D-A318-84DD-965C458805BC}.Release|Any CPU.ActiveCfg = Release|Any CPU
		{9EC56CB6-3C3D-A318-84DD-965C458805BC}.Release|Any CPU.Build.0 = Release|Any CPU
		{E160E8D2-2E56-20C0-87F6-0A46038EEDF4}.Debug|Any CPU.ActiveCfg = Debug|Any CPU
		{E160E8D2-2E56-20C0-87F6-0A46038EEDF4}.Debug|Any CPU.Build.0 = Debug|Any CPU
		{E160E8D2-2E56-20C0-87F6-0A46038EEDF4}.Release|Any CPU.ActiveCfg = Release|Any CPU
		{E160E8D2-2E56-20C0-87F6-0A46038EEDF4}.Release|Any CPU.Build.0 = Release|Any CPU
		{5D558052-9A7E-4E5F-E8DC-C396620292B9}.Debug|Any CPU.ActiveCfg = Debug|Any CPU
		{5D558052-9A7E-4E5F-E8DC-C396620292B9}.Debug|Any CPU.Build.0 = Debug|Any CPU
		{5D558052-9A7E-4E5F-E8DC-C396620292B9}.Release|Any CPU.ActiveCfg = Release|Any CPU
		{5D558052-9A7E-4E5F-E8DC-C396620292B9}.Release|Any CPU.Build.0 = Release|Any CPU
		{B5F4341C-1BA7-54D4-E81A-643D5E14D6EB}.Debug|Any CPU.ActiveCfg = Debug|Any CPU
		{B5F4341C-1BA7-54D4-E81A-643D5E14D6EB}.Debug|Any CPU.Build.0 = Debug|Any CPU
		{B5F4341C-1BA7-54D4-E81A-643D5E14D6EB}.Release|Any CPU.ActiveCfg = Release|Any CPU
		{B5F4341C-1BA7-54D4-E81A-643D5E14D6EB}.Release|Any CPU.Build.0 = Release|Any CPU
		{A42789F7-CFE7-3EAA-AFCC-720F1B7BAD58}.Debug|Any CPU.ActiveCfg = Debug|Any CPU
		{A42789F7-CFE7-3EAA-AFCC-720F1B7BAD58}.Debug|Any CPU.Build.0 = Debug|Any CPU
		{A42789F7-CFE7-3EAA-AFCC-720F1B7BAD58}.Release|Any CPU.ActiveCfg = Release|Any CPU
		{A42789F7-CFE7-3EAA-AFCC-720F1B7BAD58}.Release|Any CPU.Build.0 = Release|Any CPU
		{DCBE0B5E-5EAD-C2F3-0CB2-1D63F16EC9C7}.Debug|Any CPU.ActiveCfg = Debug|Any CPU
		{DCBE0B5E-5EAD-C2F3-0CB2-1D63F16EC9C7}.Debug|Any CPU.Build.0 = Debug|Any CPU
		{DCBE0B5E-5EAD-C2F3-0CB2-1D63F16EC9C7}.Release|Any CPU.ActiveCfg = Release|Any CPU
		{DCBE0B5E-5EAD-C2F3-0CB2-1D63F16EC9C7}.Release|Any CPU.Build.0 = Release|Any CPU
		{CE83ED0D-4098-FE32-56BE-C731B301B6F8}.Debug|Any CPU.ActiveCfg = Debug|Any CPU
		{CE83ED0D-4098-FE32-56BE-C731B301B6F8}.Debug|Any CPU.Build.0 = Debug|Any CPU
		{CE83ED0D-4098-FE32-56BE-C731B301B6F8}.Release|Any CPU.ActiveCfg = Release|Any CPU
		{CE83ED0D-4098-FE32-56BE-C731B301B6F8}.Release|Any CPU.Build.0 = Release|Any CPU
		{D93F88D4-0C29-536E-7EF0-5BAF91D2CA85}.Debug|Any CPU.ActiveCfg = Debug|Any CPU
		{D93F88D4-0C29-536E-7EF0-5BAF91D2CA85}.Debug|Any CPU.Build.0 = Debug|Any CPU
		{D93F88D4-0C29-536E-7EF0-5BAF91D2CA85}.Release|Any CPU.ActiveCfg = Release|Any CPU
		{D93F88D4-0C29-536E-7EF0-5BAF91D2CA85}.Release|Any CPU.Build.0 = Release|Any CPU
		{492A9492-C594-765C-ABD3-34D64F1D0768}.Debug|Any CPU.ActiveCfg = Debug|Any CPU
		{492A9492-C594-765C-ABD3-34D64F1D0768}.Debug|Any CPU.Build.0 = Debug|Any CPU
		{492A9492-C594-765C-ABD3-34D64F1D0768}.Release|Any CPU.ActiveCfg = Release|Any CPU
		{492A9492-C594-765C-ABD3-34D64F1D0768}.Release|Any CPU.Build.0 = Release|Any CPU
		{FEE5FCB2-347B-813E-AF7F-2AAD0213064F}.Debug|Any CPU.ActiveCfg = Debug|Any CPU
		{FEE5FCB2-347B-813E-AF7F-2AAD0213064F}.Debug|Any CPU.Build.0 = Debug|Any CPU
		{FEE5FCB2-347B-813E-AF7F-2AAD0213064F}.Release|Any CPU.ActiveCfg = Release|Any CPU
		{FEE5FCB2-347B-813E-AF7F-2AAD0213064F}.Release|Any CPU.Build.0 = Release|Any CPU
		{182E83BF-6C16-145E-45BF-FD1A5314D102}.Debug|Any CPU.ActiveCfg = Debug|Any CPU
		{182E83BF-6C16-145E-45BF-FD1A5314D102}.Debug|Any CPU.Build.0 = Debug|Any CPU
		{182E83BF-6C16-145E-45BF-FD1A5314D102}.Release|Any CPU.ActiveCfg = Release|Any CPU
		{182E83BF-6C16-145E-45BF-FD1A5314D102}.Release|Any CPU.Build.0 = Release|Any CPU
		{3DD3D2AD-5956-6DA7-82AB-3E57C8E85F7B}.Debug|Any CPU.ActiveCfg = Debug|Any CPU
		{3DD3D2AD-5956-6DA7-82AB-3E57C8E85F7B}.Debug|Any CPU.Build.0 = Debug|Any CPU
		{3DD3D2AD-5956-6DA7-82AB-3E57C8E85F7B}.Release|Any CPU.ActiveCfg = Release|Any CPU
		{3DD3D2AD-5956-6DA7-82AB-3E57C8E85F7B}.Release|Any CPU.Build.0 = Release|Any CPU
		{6373743F-31C9-1B59-E9DD-E1C8113AB731}.Debug|Any CPU.ActiveCfg = Debug|Any CPU
		{6373743F-31C9-1B59-E9DD-E1C8113AB731}.Debug|Any CPU.Build.0 = Debug|Any CPU
		{6373743F-31C9-1B59-E9DD-E1C8113AB731}.Release|Any CPU.ActiveCfg = Release|Any CPU
		{6373743F-31C9-1B59-E9DD-E1C8113AB731}.Release|Any CPU.Build.0 = Release|Any CPU
		{41897C45-2A5E-8885-1719-9BEC66873DF5}.Debug|Any CPU.ActiveCfg = Debug|Any CPU
		{41897C45-2A5E-8885-1719-9BEC66873DF5}.Debug|Any CPU.Build.0 = Debug|Any CPU
		{41897C45-2A5E-8885-1719-9BEC66873DF5}.Release|Any CPU.ActiveCfg = Release|Any CPU
		{41897C45-2A5E-8885-1719-9BEC66873DF5}.Release|Any CPU.Build.0 = Release|Any CPU
		{31D12E91-BD0A-354B-C509-9B314A7CA6A8}.Debug|Any CPU.ActiveCfg = Debug|Any CPU
		{31D12E91-BD0A-354B-C509-9B314A7CA6A8}.Debug|Any CPU.Build.0 = Debug|Any CPU
		{31D12E91-BD0A-354B-C509-9B314A7CA6A8}.Release|Any CPU.ActiveCfg = Release|Any CPU
		{31D12E91-BD0A-354B-C509-9B314A7CA6A8}.Release|Any CPU.Build.0 = Release|Any CPU
		{AFAB11E0-4B4D-88AA-6D5E-AC7365032368}.Debug|Any CPU.ActiveCfg = Debug|Any CPU
		{AFAB11E0-4B4D-88AA-6D5E-AC7365032368}.Debug|Any CPU.Build.0 = Debug|Any CPU
		{AFAB11E0-4B4D-88AA-6D5E-AC7365032368}.Release|Any CPU.ActiveCfg = Release|Any CPU
		{AFAB11E0-4B4D-88AA-6D5E-AC7365032368}.Release|Any CPU.Build.0 = Release|Any CPU
		{B434CF43-9896-F47D-09F8-8E507B447046}.Debug|Any CPU.ActiveCfg = Debug|Any CPU
		{B434CF43-9896-F47D-09F8-8E507B447046}.Debug|Any CPU.Build.0 = Debug|Any CPU
		{B434CF43-9896-F47D-09F8-8E507B447046}.Release|Any CPU.ActiveCfg = Release|Any CPU
		{B434CF43-9896-F47D-09F8-8E507B447046}.Release|Any CPU.Build.0 = Release|Any CPU
		{D315DB17-E7B7-BA84-BC0D-34CC6485C2BF}.Debug|Any CPU.ActiveCfg = Debug|Any CPU
		{D315DB17-E7B7-BA84-BC0D-34CC6485C2BF}.Debug|Any CPU.Build.0 = Debug|Any CPU
		{D315DB17-E7B7-BA84-BC0D-34CC6485C2BF}.Release|Any CPU.ActiveCfg = Release|Any CPU
		{D315DB17-E7B7-BA84-BC0D-34CC6485C2BF}.Release|Any CPU.Build.0 = Release|Any CPU
		{CE723511-1094-7EB4-CFF1-A5DC6EE78262}.Debug|Any CPU.ActiveCfg = Debug|Any CPU
		{CE723511-1094-7EB4-CFF1-A5DC6EE78262}.Debug|Any CPU.Build.0 = Debug|Any CPU
		{CE723511-1094-7EB4-CFF1-A5DC6EE78262}.Release|Any CPU.ActiveCfg = Release|Any CPU
		{CE723511-1094-7EB4-CFF1-A5DC6EE78262}.Release|Any CPU.Build.0 = Release|Any CPU
		{724870DE-BFEE-8E2B-B4B7-ABF8F07B2CCB}.Debug|Any CPU.ActiveCfg = Debug|Any CPU
		{724870DE-BFEE-8E2B-B4B7-ABF8F07B2CCB}.Debug|Any CPU.Build.0 = Debug|Any CPU
		{724870DE-BFEE-8E2B-B4B7-ABF8F07B2CCB}.Release|Any CPU.ActiveCfg = Release|Any CPU
		{724870DE-BFEE-8E2B-B4B7-ABF8F07B2CCB}.Release|Any CPU.Build.0 = Release|Any CPU
		{EC29F888-D37D-3814-0B21-0AD524CF3CAB}.Debug|Any CPU.ActiveCfg = Debug|Any CPU
		{EC29F888-D37D-3814-0B21-0AD524CF3CAB}.Debug|Any CPU.Build.0 = Debug|Any CPU
		{EC29F888-D37D-3814-0B21-0AD524CF3CAB}.Release|Any CPU.ActiveCfg = Release|Any CPU
		{EC29F888-D37D-3814-0B21-0AD524CF3CAB}.Release|Any CPU.Build.0 = Release|Any CPU
		{75434DEB-0580-5039-8119-3AEEDCBCF82E}.Debug|Any CPU.ActiveCfg = Debug|Any CPU
		{75434DEB-0580-5039-8119-3AEEDCBCF82E}.Debug|Any CPU.Build.0 = Debug|Any CPU
		{75434DEB-0580-5039-8119-3AEEDCBCF82E}.Release|Any CPU.ActiveCfg = Release|Any CPU
		{75434DEB-0580-5039-8119-3AEEDCBCF82E}.Release|Any CPU.Build.0 = Release|Any CPU
		{B3482DF1-DBE1-E764-3459-D0638ADC2E32}.Debug|Any CPU.ActiveCfg = Debug|Any CPU
		{B3482DF1-DBE1-E764-3459-D0638ADC2E32}.Debug|Any CPU.Build.0 = Debug|Any CPU
		{B3482DF1-DBE1-E764-3459-D0638ADC2E32}.Release|Any CPU.ActiveCfg = Release|Any CPU
		{B3482DF1-DBE1-E764-3459-D0638ADC2E32}.Release|Any CPU.Build.0 = Release|Any CPU
		{C02ACA06-BE94-DE96-A6CA-BEB0FB2AFBA1}.Debug|Any CPU.ActiveCfg = Debug|Any CPU
		{C02ACA06-BE94-DE96-A6CA-BEB0FB2AFBA1}.Debug|Any CPU.Build.0 = Debug|Any CPU
		{C02ACA06-BE94-DE96-A6CA-BEB0FB2AFBA1}.Release|Any CPU.ActiveCfg = Release|Any CPU
		{C02ACA06-BE94-DE96-A6CA-BEB0FB2AFBA1}.Release|Any CPU.Build.0 = Release|Any CPU
		{1F69818A-6D18-E0C3-BD8B-E647C1F611BC}.Debug|Any CPU.ActiveCfg = Debug|Any CPU
		{1F69818A-6D18-E0C3-BD8B-E647C1F611BC}.Debug|Any CPU.Build.0 = Debug|Any CPU
		{1F69818A-6D18-E0C3-BD8B-E647C1F611BC}.Release|Any CPU.ActiveCfg = Release|Any CPU
		{1F69818A-6D18-E0C3-BD8B-E647C1F611BC}.Release|Any CPU.Build.0 = Release|Any CPU
		{4A687B98-27CA-9582-72BC-F4B00725A3B8}.Debug|Any CPU.ActiveCfg = Debug|Any CPU
		{4A687B98-27CA-9582-72BC-F4B00725A3B8}.Debug|Any CPU.Build.0 = Debug|Any CPU
		{4A687B98-27CA-9582-72BC-F4B00725A3B8}.Release|Any CPU.ActiveCfg = Release|Any CPU
		{4A687B98-27CA-9582-72BC-F4B00725A3B8}.Release|Any CPU.Build.0 = Release|Any CPU
		{8F978050-A4D3-879B-4E34-0D99BA337AB1}.Debug|Any CPU.ActiveCfg = Debug|Any CPU
		{8F978050-A4D3-879B-4E34-0D99BA337AB1}.Debug|Any CPU.Build.0 = Debug|Any CPU
		{8F978050-A4D3-879B-4E34-0D99BA337AB1}.Release|Any CPU.ActiveCfg = Release|Any CPU
		{8F978050-A4D3-879B-4E34-0D99BA337AB1}.Release|Any CPU.Build.0 = Release|Any CPU
		{86C0BA25-3DCC-A2ED-0A60-62F772FF760B}.Debug|Any CPU.ActiveCfg = Debug|Any CPU
		{86C0BA25-3DCC-A2ED-0A60-62F772FF760B}.Debug|Any CPU.Build.0 = Debug|Any CPU
		{86C0BA25-3DCC-A2ED-0A60-62F772FF760B}.Release|Any CPU.ActiveCfg = Release|Any CPU
		{86C0BA25-3DCC-A2ED-0A60-62F772FF760B}.Release|Any CPU.Build.0 = Release|Any CPU
	EndGlobalSection
	GlobalSection(SolutionProperties) = preSolution
		HideSolutionNode = FALSE
	EndGlobalSection
EndGlobal
